Microsoft Visual Studio Solution File, Format Version 12.00
# Visual Studio Version 17
VisualStudioVersion = 17.5.2.0
MinimumVisualStudioVersion = 10.0.40219.1
Project("{FAE04EC0-301F-11D3-BF4B-00C04F79EFBC}") = "Simple-Trans", "Source\Simple-Trans.csproj", "{8D46A0A4-9C21-7EDC-FE7F-991BADF11EA5}"
EndProject
Global
	GlobalSection(SolutionConfigurationPlatforms) = preSolution
		Debug|Any CPU = Debug|Any CPU
		Release|Any CPU = Release|Any CPU
	EndGlobalSection
	GlobalSection(ProjectConfigurationPlatforms) = postSolution
		{8D46A0A4-9C21-7EDC-FE7F-991BADF11EA5}.Debug|Any CPU.ActiveCfg = Debug|Any CPU
		{8D46A0A4-9C21-7EDC-FE7F-991BADF11EA5}.Debug|Any CPU.Build.0 = Debug|Any CPU
		{8D46A0A4-9C21-7EDC-FE7F-991BADF11EA5}.Release|Any CPU.ActiveCfg = Release|Any CPU
		{8D46A0A4-9C21-7EDC-FE7F-991BADF11EA5}.Release|Any CPU.Build.0 = Release|Any CPU
	EndGlobalSection
	GlobalSection(SolutionProperties) = preSolution
		HideSolutionNode = FALSE
	EndGlobalSection
	GlobalSection(ExtensibilityGlobals) = postSolution
		SolutionGuid = {3F195FBB-2F3F-4B36-9C26-62CD4A21C06D}
	EndGlobalSection
EndGlobal
